{
  "version": 4,
  "terraform_version": "1.11.1",
  "serial": 18,
  "lineage": "d1ccf043-762e-abf3-69b5-6c35f201c3ff",
  "outputs": {
    "vm1_ip": {
      "value": "34.136.162.64",
      "type": "string"
    }
  },
  "resources": [
    {
      "mode": "managed",
      "type": "google_compute_firewall",
      "name": "gcp_firewall",
      "provider": "provider[\"registry.terraform.io/hashicorp/google\"]",
      "instances": [
        {
          "schema_version": 1,
          "attributes": {
            "allow": [
              {
                "ports": [
                  "80"
                ],
                "protocol": "tcp"
              }
            ],
            "creation_timestamp": "2025-03-12T01:12:32.750-07:00",
            "deny": [],
            "description": "",
            "destination_ranges": [],
            "direction": "INGRESS",
            "disabled": false,
            "enable_logging": null,
            "id": "projects/terraform-pekao/global/firewalls/gcp-firewall-pekao",
            "log_config": [],
            "name": "gcp-firewall-pekao",
            "network": "https://www.googleapis.com/compute/v1/projects/terraform-pekao/global/networks/default",
            "priority": 1000,
            "project": "terraform-pekao",
            "self_link": "https://www.googleapis.com/compute/v1/projects/terraform-pekao/global/firewalls/gcp-firewall-pekao",
            "source_ranges": [
              "0.0.0.0/0"
            ],
            "source_service_accounts": null,
            "source_tags": null,
            "target_service_accounts": null,
            "target_tags": [
              "http-server"
            ],
            "timeouts": null
          },
          "sensitive_attributes": [],
          "private": "eyJlMmJmYjczMC1lY2FhLTExZTYtOGY4OC0zNDM2M2JjN2M0YzAiOnsiY3JlYXRlIjoxMjAwMDAwMDAwMDAwLCJkZWxldGUiOjEyMDAwMDAwMDAwMDAsInVwZGF0ZSI6MTIwMDAwMDAwMDAwMH0sInNjaGVtYV92ZXJzaW9uIjoiMSJ9"
        }
      ]
    },
    {
      "mode": "managed",
      "type": "google_compute_instance",
      "name": "ginstance_f",
      "provider": "provider[\"registry.terraform.io/hashicorp/google\"]",
      "instances": [
        {
          "schema_version": 6,
          "attributes": {
            "advanced_machine_features": [],
            "allow_stopping_for_update": null,
            "attached_disk": [],
            "boot_disk": [
              {
                "auto_delete": true,
                "device_name": "persistent-disk-0",
                "disk_encryption_key_raw": "",
                "disk_encryption_key_sha256": "",
                "initialize_params": [
                  {
                    "enable_confidential_compute": false,
                    "image": "https://www.googleapis.com/compute/v1/projects/debian-cloud/global/images/debian-11-bullseye-v20250311",
                    "labels": {},
                    "provisioned_iops": 0,
                    "provisioned_throughput": 0,
                    "resource_manager_tags": null,
                    "resource_policies": [],
                    "size": 10,
                    "storage_pool": "",
                    "type": "pd-standard"
                  }
                ],
                "interface": "",
                "kms_key_self_link": "",
                "mode": "READ_WRITE",
                "source": "https://www.googleapis.com/compute/v1/projects/terraform-pekao/zones/us-central1-a/disks/vm1-f"
              }
            ],
            "can_ip_forward": false,
            "confidential_instance_config": [],
            "cpu_platform": "AMD Rome",
            "creation_timestamp": "2025-03-12T01:12:35.128-07:00",
            "current_status": "RUNNING",
            "deletion_protection": false,
            "description": "",
            "desired_status": null,
            "effective_labels": {
              "goog-terraform-provisioned": "true"
            },
            "enable_display": false,
            "guest_accelerator": [],
            "hostname": "",
            "id": "projects/terraform-pekao/zones/us-central1-a/instances/vm1-f",
            "instance_id": "4197865909684862749",
            "key_revocation_action_type": "",
            "label_fingerprint": "vezUS-42LLM=",
            "labels": null,
            "machine_type": "e2-micro",
            "metadata": {
              "ssh-keys": "student:ssh-rsa AAAAB3NzaC1yc2EAAAADAQABAAABgQDG52aQzNHkZslIsoym+L9JlqCTKznxkebtRSoVHENWjRTRamtlBc2u2XznnUCTfsKVR31lW6AV2F2vnGYsbl63FN/1eOEKLJvJCvz0Wp3jt2dq+LKlgLeLjKDNwlg4aoZrfeWCM4ugwuulw2qoycvtL4unErYk8lxym/cSnrYLwYzP2cyASx71CrEVmahPXl/1PW2gNgZLsoRp4oYQo8IgelK1O4r0Evc3/hnLQueOwwqjtEJFPP7U1WV8LekVFNicanrCev4JUT3eSVRzXV6F/Y3bqfA7aovcJgkWYO1trVSPF30woM3wKj2BBJxAEh4AcRXQAT6tdwjEt/nyNDoFVf4lTj4ylX6Mv4SMDd3Vux862lRCG/D/Zbumo4eF0j/5xN5QSi8I/hmz7eCHmJlNgyXgPB3zWfQi4rUm2KkDrsmw/uxQIYA3vzE16Z6kZrfHwpq+TlL11lEP+dQ3s4jHUI7n3KdHqCt2RDOXGW33Hui1lCPgwxaUFk3QolDfOME= student@franciszek-wjtl\n",
              "startup-script": "#!/bin/bash\nsudo apt-get update\nsudo apt-get install -y apache2\necho '\u003c!DOCTYPE html\u003e\u003chtml\u003e\u003cbody\u003e\u003ch1\u003eWelcome to Hell!\u003c/h1\u003e\u003c/body\u003e\u003c/html\u003e' | sudo tee /var/www/html/index.html\nsudo systemctl start apache2\nsudo systemctl enable apache2aa"
            },
            "metadata_fingerprint": "gy74dEaCp8M=",
            "metadata_startup_script": null,
            "min_cpu_platform": "",
            "name": "vm1-f",
            "network_interface": [
              {
                "access_config": [
                  {
                    "nat_ip": "34.136.162.64",
                    "network_tier": "PREMIUM",
                    "public_ptr_domain_name": ""
                  }
                ],
                "alias_ip_range": [],
                "internal_ipv6_prefix_length": 0,
                "ipv6_access_config": [],
                "ipv6_access_type": "",
                "ipv6_address": "",
                "name": "nic0",
                "network": "https://www.googleapis.com/compute/v1/projects/terraform-pekao/global/networks/default",
                "network_attachment": "",
                "network_ip": "10.128.0.19",
                "nic_type": "",
                "queue_count": 0,
                "stack_type": "IPV4_ONLY",
                "subnetwork": "https://www.googleapis.com/compute/v1/projects/terraform-pekao/regions/us-central1/subnetworks/default",
                "subnetwork_project": "terraform-pekao"
              }
            ],
            "network_performance_config": [],
            "params": [],
            "project": "terraform-pekao",
            "reservation_affinity": [],
            "resource_policies": null,
            "scheduling": [
              {
                "automatic_restart": true,
                "availability_domain": 0,
                "instance_termination_action": "",
                "local_ssd_recovery_timeout": [],
                "max_run_duration": [],
                "min_node_cpus": 0,
                "node_affinities": [],
                "on_host_maintenance": "MIGRATE",
                "on_instance_stop_action": [],
                "preemptible": false,
                "provisioning_model": "STANDARD"
              }
            ],
            "scratch_disk": [],
            "self_link": "https://www.googleapis.com/compute/v1/projects/terraform-pekao/zones/us-central1-a/instances/vm1-f",
            "service_account": [],
            "shielded_instance_config": [
              {
                "enable_integrity_monitoring": true,
                "enable_secure_boot": false,
                "enable_vtpm": true
              }
            ],
            "tags": [
              "http-server"
            ],
            "tags_fingerprint": "FYLDgkTKlA4=",
            "terraform_labels": {
              "goog-terraform-provisioned": "true"
            },
            "timeouts": null,
            "zone": "us-central1-a"
          },
          "sensitive_attributes": [
            [
              {
                "type": "get_attr",
                "value": "boot_disk"
              },
              {
                "type": "index",
                "value": {
                  "value": 0,
                  "type": "number"
                }
              },
              {
                "type": "get_attr",
                "value": "disk_encryption_key_raw"
              }
            ]
          ],
          "private": "eyJlMmJmYjczMC1lY2FhLTExZTYtOGY4OC0zNDM2M2JjN2M0YzAiOnsiY3JlYXRlIjoxMjAwMDAwMDAwMDAwLCJkZWxldGUiOjEyMDAwMDAwMDAwMDAsInVwZGF0ZSI6MTIwMDAwMDAwMDAwMH0sInNjaGVtYV92ZXJzaW9uIjoiNiJ9"
        }
      ]
    }
  ],
  "check_results": null
}
